// !$*UTF8*$!
{
	archiveVersion = 1;
	classes = {
	};
	objectVersion = 77;
	objects = {

/* Begin PBXContainerItemProxy section */
		1269A8502CEB4EF300E58383 /* PBXContainerItemProxy */ = {
			isa = PBXContainerItemProxy;
			containerPortal = 1269A8362CEB4EF200E58383 /* Project object */;
			proxyType = 1;
			remoteGlobalIDString = 1269A83D2CEB4EF200E58383;
			remoteInfo = "SwiftUI Navigation Coordinator";
		};
		1269A85A2CEB4EF300E58383 /* PBXContainerItemProxy */ = {
			isa = PBXContainerItemProxy;
			containerPortal = 1269A8362CEB4EF200E58383 /* Project object */;
			proxyType = 1;
			remoteGlobalIDString = 1269A83D2CEB4EF200E58383;
			remoteInfo = "SwiftUI Navigation Coordinator";
		};
/* End PBXContainerItemProxy section */

/* Begin PBXFileReference section */
		1269A83E2CEB4EF200E58383 /* SwiftUI Navigation Coordinator.app */ = {isa = PBXFileReference; explicitFileType = wrapper.application; includeInIndex = 0; path = "SwiftUI Navigation Coordinator.app"; sourceTree = BUILT_PRODUCTS_DIR; };
		1269A84F2CEB4EF300E58383 /* SwiftUI Navigation CoordinatorTests.xctest */ = {isa = PBXFileReference; explicitFileType = wrapper.cfbundle; includeInIndex = 0; path = "SwiftUI Navigation CoordinatorTests.xctest"; sourceTree = BUILT_PRODUCTS_DIR; };
		1269A8592CEB4EF300E58383 /* SwiftUI Navigation CoordinatorUITests.xctest */ = {isa = PBXFileReference; explicitFileType = wrapper.cfbundle; includeInIndex = 0; path = "SwiftUI Navigation CoordinatorUITests.xctest"; sourceTree = BUILT_PRODUCTS_DIR; };
/* End PBXFileReference section */

/* Begin PBXFileSystemSynchronizedRootGroup section */
		1269A8402CEB4EF200E58383 /* SwiftUI Navigation Coordinator */ = {
			isa = PBXFileSystemSynchronizedRootGroup;
			path = "SwiftUI Navigation Coordinator";
			sourceTree = "<group>";
		};
		1269A8522CEB4EF300E58383 /* SwiftUI Navigation CoordinatorTests */ = {
			isa = PBXFileSystemSynchronizedRootGroup;
			path = "SwiftUI Navigation CoordinatorTests";
			sourceTree = "<group>";
		};
		1269A85C2CEB4EF300E58383 /* SwiftUI Navigation CoordinatorUITests */ = {
			isa = PBXFileSystemSynchronizedRootGroup;
			path = "SwiftUI Navigation CoordinatorUITests";
			sourceTree = "<group>";
		};
/* End PBXFileSystemSynchronizedRootGroup section */

/* Begin PBXFrameworksBuildPhase section */
		1269A83B2CEB4EF200E58383 /* Frameworks */ = {
			isa = PBXFrameworksBuildPhase;
			buildActionMask = 2147483647;
			files = (
			);
			runOnlyForDeploymentPostprocessing = 0;
		};
		1269A84C2CEB4EF300E58383 /* Frameworks */ = {
			isa = PBXFrameworksBuildPhase;
			buildActionMask = 2147483647;
			files = (
			);
			runOnlyForDeploymentPostprocessing = 0;
		};
		1269A8562CEB4EF300E58383 /* Frameworks */ = {
			isa = PBXFrameworksBuildPhase;
			buildActionMask = 2147483647;
			files = (
			);
			runOnlyForDeploymentPostprocessing = 0;
		};
/* End PBXFrameworksBuildPhase section */

/* Begin PBXGroup section */
		1269A8352CEB4EF200E58383 = {
			isa = PBXGroup;
			children = (
				1269A8402CEB4EF200E58383 /* SwiftUI Navigation Coordinator */,
				1269A8522CEB4EF300E58383 /* SwiftUI Navigation CoordinatorTests */,
				1269A85C2CEB4EF300E58383 /* SwiftUI Navigation CoordinatorUITests */,
				1269A83F2CEB4EF200E58383 /* Products */,
			);
			sourceTree = "<group>";
		};
		1269A83F2CEB4EF200E58383 /* Products */ = {
			isa = PBXGroup;
			children = (
				1269A83E2CEB4EF200E58383 /* SwiftUI Navigation Coordinator.app */,
				1269A84F2CEB4EF300E58383 /* SwiftUI Navigation CoordinatorTests.xctest */,
				1269A8592CEB4EF300E58383 /* SwiftUI Navigation CoordinatorUITests.xctest */,
			);
			name = Products;
			sourceTree = "<group>";
		};
/* End PBXGroup section */

/* Begin PBXNativeTarget section */
		1269A83D2CEB4EF200E58383 /* SwiftUI Navigation Coordinator */ = {
			isa = PBXNativeTarget;
			buildConfigurationList = 1269A8632CEB4EF300E58383 /* Build configuration list for PBXNativeTarget "SwiftUI Navigation Coordinator" */;
			buildPhases = (
				1269A83A2CEB4EF200E58383 /* Sources */,
				1269A83B2CEB4EF200E58383 /* Frameworks */,
				1269A83C2CEB4EF200E58383 /* Resources */,
			);
			buildRules = (
			);
			dependencies = (
			);
			fileSystemSynchronizedGroups = (
				1269A8402CEB4EF200E58383 /* SwiftUI Navigation Coordinator */,
			);
			name = "SwiftUI Navigation Coordinator";
			packageProductDependencies = (
			);
			productName = "SwiftUI Navigation Coordinator";
			productReference = 1269A83E2CEB4EF200E58383 /* SwiftUI Navigation Coordinator.app */;
			productType = "com.apple.product-type.application";
		};
		1269A84E2CEB4EF300E58383 /* SwiftUI Navigation CoordinatorTests */ = {
			isa = PBXNativeTarget;
			buildConfigurationList = 1269A8662CEB4EF300E58383 /* Build configuration list for PBXNativeTarget "SwiftUI Navigation CoordinatorTests" */;
			buildPhases = (
				1269A84B2CEB4EF300E58383 /* Sources */,
				1269A84C2CEB4EF300E58383 /* Frameworks */,
				1269A84D2CEB4EF300E58383 /* Resources */,
			);
			buildRules = (
			);
			dependencies = (
				1269A8512CEB4EF300E58383 /* PBXTargetDependency */,
			);
			fileSystemSynchronizedGroups = (
				1269A8522CEB4EF300E58383 /* SwiftUI Navigation CoordinatorTests */,
			);
			name = "SwiftUI Navigation CoordinatorTests";
			packageProductDependencies = (
			);
			productName = "SwiftUI Navigation CoordinatorTests";
			productReference = 1269A84F2CEB4EF300E58383 /* SwiftUI Navigation CoordinatorTests.xctest */;
			productType = "com.apple.product-type.bundle.unit-test";
		};
		1269A8582CEB4EF300E58383 /* SwiftUI Navigation CoordinatorUITests */ = {
			isa = PBXNativeTarget;
			buildConfigurationList = 1269A8692CEB4EF300E58383 /* Build configuration list for PBXNativeTarget "SwiftUI Navigation CoordinatorUITests" */;
			buildPhases = (
				1269A8552CEB4EF300E58383 /* Sources */,
				1269A8562CEB4EF300E58383 /* Frameworks */,
				1269A8572CEB4EF300E58383 /* Resources */,
			);
			buildRules = (
			);
			dependencies = (
				1269A85B2CEB4EF300E58383 /* PBXTargetDependency */,
			);
			fileSystemSynchronizedGroups = (
				1269A85C2CEB4EF300E58383 /* SwiftUI Navigation CoordinatorUITests */,
			);
			name = "SwiftUI Navigation CoordinatorUITests";
			packageProductDependencies = (
			);
			productName = "SwiftUI Navigation CoordinatorUITests";
			productReference = 1269A8592CEB4EF300E58383 /* SwiftUI Navigation CoordinatorUITests.xctest */;
			productType = "com.apple.product-type.bundle.ui-testing";
		};
/* End PBXNativeTarget section */

/* Begin PBXProject section */
		1269A8362CEB4EF200E58383 /* Project object */ = {
			isa = PBXProject;
			attributes = {
				BuildIndependentTargetsInParallel = 1;
				LastSwiftUpdateCheck = 1610;
				LastUpgradeCheck = 1610;
				TargetAttributes = {
					1269A83D2CEB4EF200E58383 = {
						CreatedOnToolsVersion = 16.1;
					};
					1269A84E2CEB4EF300E58383 = {
						CreatedOnToolsVersion = 16.1;
						TestTargetID = 1269A83D2CEB4EF200E58383;
					};
					1269A8582CEB4EF300E58383 = {
						CreatedOnToolsVersion = 16.1;
						TestTargetID = 1269A83D2CEB4EF200E58383;
					};
				};
			};
			buildConfigurationList = 1269A8392CEB4EF200E58383 /* Build configuration list for PBXProject "SwiftUI Navigation Coordinator" */;
			developmentRegion = en;
			hasScannedForEncodings = 0;
			knownRegions = (
				en,
				Base,
			);
			mainGroup = 1269A8352CEB4EF200E58383;
			minimizedProjectReferenceProxies = 1;
			preferredProjectObjectVersion = 77;
			productRefGroup = 1269A83F2CEB4EF200E58383 /* Products */;
			projectDirPath = "";
			projectRoot = "";
			targets = (
				1269A83D2CEB4EF200E58383 /* SwiftUI Navigation Coordinator */,
				1269A84E2CEB4EF300E58383 /* SwiftUI Navigation CoordinatorTests */,
				1269A8582CEB4EF300E58383 /* SwiftUI Navigation CoordinatorUITests */,
			);
		};
/* End PBXProject section */

/* Begin PBXResourcesBuildPhase section */
		1269A83C2CEB4EF200E58383 /* Resources */ = {
			isa = PBXResourcesBuildPhase;
			buildActionMask = 2147483647;
			files = (
			);
			runOnlyForDeploymentPostprocessing = 0;
		};
		1269A84D2CEB4EF300E58383 /* Resources */ = {
			isa = PBXResourcesBuildPhase;
			buildActionMask = 2147483647;
			files = (
			);
			runOnlyForDeploymentPostprocessing = 0;
		};
		1269A8572CEB4EF300E58383 /* Resources */ = {
			isa = PBXResourcesBuildPhase;
			buildActionMask = 2147483647;
			files = (
			);
			runOnlyForDeploymentPostprocessing = 0;
		};
/* End PBXResourcesBuildPhase section */

/* Begin PBXSourcesBuildPhase section */
		1269A83A2CEB4EF200E58383 /* Sources */ = {
			isa = PBXSourcesBuildPhase;
			buildActionMask = 2147483647;
			files = (
			);
			runOnlyForDeploymentPostprocessing = 0;
		};
		1269A84B2CEB4EF300E58383 /* Sources */ = {
			isa = PBXSourcesBuildPhase;
			buildActionMask = 2147483647;
			files = (
			);
			runOnlyForDeploymentPostprocessing = 0;
		};
		1269A8552CEB4EF300E58383 /* Sources */ = {
			isa = PBXSourcesBuildPhase;
			buildActionMask = 2147483647;
			files = (
			);
			runOnlyForDeploymentPostprocessing = 0;
		};
/* End PBXSourcesBuildPhase section */

/* Begin PBXTargetDependency section */
		1269A8512CEB4EF300E58383 /* PBXTargetDependency */ = {
			isa = PBXTargetDependency;
			target = 1269A83D2CEB4EF200E58383 /* SwiftUI Navigation Coordinator */;
			targetProxy = 1269A8502CEB4EF300E58383 /* PBXContainerItemProxy */;
		};
		1269A85B2CEB4EF300E58383 /* PBXTargetDependency */ = {
			isa = PBXTargetDependency;
			target = 1269A83D2CEB4EF200E58383 /* SwiftUI Navigation Coordinator */;
			targetProxy = 1269A85A2CEB4EF300E58383 /* PBXContainerItemProxy */;
		};
/* End PBXTargetDependency section */

/* Begin XCBuildConfiguration section */
		1269A8612CEB4EF300E58383 /* Debug */ = {
			isa = XCBuildConfiguration;
			buildSettings = {
				ALWAYS_SEARCH_USER_PATHS = NO;
				ASSETCATALOG_COMPILER_GENERATE_SWIFT_ASSET_SYMBOL_EXTENSIONS = YES;
				CLANG_ANALYZER_NONNULL = YES;
				CLANG_ANALYZER_NUMBER_OBJECT_CONVERSION = YES_AGGRESSIVE;
				CLANG_CXX_LANGUAGE_STANDARD = "gnu++20";
				CLANG_ENABLE_MODULES = YES;
				CLANG_ENABLE_OBJC_ARC = YES;
				CLANG_ENABLE_OBJC_WEAK = YES;
				CLANG_WARN_BLOCK_CAPTURE_AUTORELEASING = YES;
				CLANG_WARN_BOOL_CONVERSION = YES;
				CLANG_WARN_COMMA = YES;
				CLANG_WARN_CONSTANT_CONVERSION = YES;
				CLANG_WARN_DEPRECATED_OBJC_IMPLEMENTATIONS = YES;
				CLANG_WARN_DIRECT_OBJC_ISA_USAGE = YES_ERROR;
				CLANG_WARN_DOCUMENTATION_COMMENTS = YES;
				CLANG_WARN_EMPTY_BODY = YES;
				CLANG_WARN_ENUM_CONVERSION = YES;
				CLANG_WARN_INFINITE_RECURSION = YES;
				CLANG_WARN_INT_CONVERSION = YES;
				CLANG_WARN_NON_LITERAL_NULL_CONVERSION = YES;
				CLANG_WARN_OBJC_IMPLICIT_RETAIN_SELF = YES;
				CLANG_WARN_OBJC_LITERAL_CONVERSION = YES;
				CLANG_WARN_OBJC_ROOT_CLASS = YES_ERROR;
				CLANG_WARN_QUOTED_INCLUDE_IN_FRAMEWORK_HEADER = YES;
				CLANG_WARN_RANGE_LOOP_ANALYSIS = YES;
				CLANG_WARN_STRICT_PROTOTYPES = YES;
				CLANG_WARN_SUSPICIOUS_MOVE = YES;
				CLANG_WARN_UNGUARDED_AVAILABILITY = YES_AGGRESSIVE;
				CLANG_WARN_UNREACHABLE_CODE = YES;
				CLANG_WARN__DUPLICATE_METHOD_MATCH = YES;
				COPY_PHASE_STRIP = NO;
				DEBUG_INFORMATION_FORMAT = dwarf;
				ENABLE_STRICT_OBJC_MSGSEND = YES;
				ENABLE_TESTABILITY = YES;
				ENABLE_USER_SCRIPT_SANDBOXING = YES;
				GCC_C_LANGUAGE_STANDARD = gnu17;
				GCC_DYNAMIC_NO_PIC = NO;
				GCC_NO_COMMON_BLOCKS = YES;
				GCC_OPTIMIZATION_LEVEL = 0;
				GCC_PREPROCESSOR_DEFINITIONS = (
					"DEBUG=1",
					"$(inherited)",
				);
				GCC_WARN_64_TO_32_BIT_CONVERSION = YES;
				GCC_WARN_ABOUT_RETURN_TYPE = YES_ERROR;
				GCC_WARN_UNDECLARED_SELECTOR = YES;
				GCC_WARN_UNINITIALIZED_AUTOS = YES_AGGRESSIVE;
				GCC_WARN_UNUSED_FUNCTION = YES;
				GCC_WARN_UNUSED_VARIABLE = YES;
				LOCALIZATION_PREFERS_STRING_CATALOGS = YES;
				MTL_ENABLE_DEBUG_INFO = INCLUDE_SOURCE;
				MTL_FAST_MATH = YES;
				ONLY_ACTIVE_ARCH = YES;
				SWIFT_ACTIVE_COMPILATION_CONDITIONS = "DEBUG $(inherited)";
				SWIFT_OPTIMIZATION_LEVEL = "-Onone";
			};
			name = Debug;
		};
		1269A8622CEB4EF300E58383 /* Release */ = {
			isa = XCBuildConfiguration;
			buildSettings = {
				ALWAYS_SEARCH_USER_PATHS = NO;
				ASSETCATALOG_COMPILER_GENERATE_SWIFT_ASSET_SYMBOL_EXTENSIONS = YES;
				CLANG_ANALYZER_NONNULL = YES;
				CLANG_ANALYZER_NUMBER_OBJECT_CONVERSION = YES_AGGRESSIVE;
				CLANG_CXX_LANGUAGE_STANDARD = "gnu++20";
				CLANG_ENABLE_MODULES = YES;
				CLANG_ENABLE_OBJC_ARC = YES;
				CLANG_ENABLE_OBJC_WEAK = YES;
				CLANG_WARN_BLOCK_CAPTURE_AUTORELEASING = YES;
				CLANG_WARN_BOOL_CONVERSION = YES;
				CLANG_WARN_COMMA = YES;
				CLANG_WARN_CONSTANT_CONVERSION = YES;
				CLANG_WARN_DEPRECATED_OBJC_IMPLEMENTATIONS = YES;
				CLANG_WARN_DIRECT_OBJC_ISA_USAGE = YES_ERROR;
				CLANG_WARN_DOCUMENTATION_COMMENTS = YES;
				CLANG_WARN_EMPTY_BODY = YES;
				CLANG_WARN_ENUM_CONVERSION = YES;
				CLANG_WARN_INFINITE_RECURSION = YES;
				CLANG_WARN_INT_CONVERSION = YES;
				CLANG_WARN_NON_LITERAL_NULL_CONVERSION = YES;
				CLANG_WARN_OBJC_IMPLICIT_RETAIN_SELF = YES;
				CLANG_WARN_OBJC_LITERAL_CONVERSION = YES;
				CLANG_WARN_OBJC_ROOT_CLASS = YES_ERROR;
				CLANG_WARN_QUOTED_INCLUDE_IN_FRAMEWORK_HEADER = YES;
				CLANG_WARN_RANGE_LOOP_ANALYSIS = YES;
				CLANG_WARN_STRICT_PROTOTYPES = YES;
				CLANG_WARN_SUSPICIOUS_MOVE = YES;
				CLANG_WARN_UNGUARDED_AVAILABILITY = YES_AGGRESSIVE;
				CLANG_WARN_UNREACHABLE_CODE = YES;
				CLANG_WARN__DUPLICATE_METHOD_MATCH = YES;
				COPY_PHASE_STRIP = NO;
				DEBUG_INFORMATION_FORMAT = "dwarf-with-dsym";
				ENABLE_NS_ASSERTIONS = NO;
				ENABLE_STRICT_OBJC_MSGSEND = YES;
				ENABLE_USER_SCRIPT_SANDBOXING = YES;
				GCC_C_LANGUAGE_STANDARD = gnu17;
				GCC_NO_COMMON_BLOCKS = YES;
				GCC_WARN_64_TO_32_BIT_CONVERSION = YES;
				GCC_WARN_ABOUT_RETURN_TYPE = YES_ERROR;
				GCC_WARN_UNDECLARED_SELECTOR = YES;
				GCC_WARN_UNINITIALIZED_AUTOS = YES_AGGRESSIVE;
				GCC_WARN_UNUSED_FUNCTION = YES;
				GCC_WARN_UNUSED_VARIABLE = YES;
				LOCALIZATION_PREFERS_STRING_CATALOGS = YES;
				MTL_ENABLE_DEBUG_INFO = NO;
				MTL_FAST_MATH = YES;
				SWIFT_COMPILATION_MODE = wholemodule;
			};
			name = Release;
		};
		1269A8642CEB4EF300E58383 /* Debug */ = {
			isa = XCBuildConfiguration;
			buildSettings = {
				ASSETCATALOG_COMPILER_APPICON_NAME = AppIcon;
				ASSETCATALOG_COMPILER_GLOBAL_ACCENT_COLOR_NAME = AccentColor;
				CODE_SIGN_ENTITLEMENTS = "SwiftUI Navigation Coordinator/SwiftUI_Navigation_Coordinator.entitlements";
				CODE_SIGN_STYLE = Automatic;
				CURRENT_PROJECT_VERSION = 1;
				DEVELOPMENT_ASSET_PATHS = "\"SwiftUI Navigation Coordinator/Preview Content\"";
				DEVELOPMENT_TEAM = 5YZEB9WTWN;
				ENABLE_HARDENED_RUNTIME = YES;
				ENABLE_PREVIEWS = YES;
				GENERATE_INFOPLIST_FILE = YES;
				"INFOPLIST_KEY_UIApplicationSceneManifest_Generation[sdk=iphoneos*]" = YES;
				"INFOPLIST_KEY_UIApplicationSceneManifest_Generation[sdk=iphonesimulator*]" = YES;
				"INFOPLIST_KEY_UIApplicationSupportsIndirectInputEvents[sdk=iphoneos*]" = YES;
				"INFOPLIST_KEY_UIApplicationSupportsIndirectInputEvents[sdk=iphonesimulator*]" = YES;
				"INFOPLIST_KEY_UILaunchScreen_Generation[sdk=iphoneos*]" = YES;
				"INFOPLIST_KEY_UILaunchScreen_Generation[sdk=iphonesimulator*]" = YES;
				"INFOPLIST_KEY_UIStatusBarStyle[sdk=iphoneos*]" = UIStatusBarStyleDefault;
				"INFOPLIST_KEY_UIStatusBarStyle[sdk=iphonesimulator*]" = UIStatusBarStyleDefault;
				INFOPLIST_KEY_UISupportedInterfaceOrientations_iPad = "UIInterfaceOrientationPortrait UIInterfaceOrientationPortraitUpsideDown UIInterfaceOrientationLandscapeLeft UIInterfaceOrientationLandscapeRight";
				INFOPLIST_KEY_UISupportedInterfaceOrientations_iPhone = "UIInterfaceOrientationPortrait UIInterfaceOrientationLandscapeLeft UIInterfaceOrientationLandscapeRight";
				IPHONEOS_DEPLOYMENT_TARGET = 17.6;
				LD_RUNPATH_SEARCH_PATHS = "@executable_path/Frameworks";
				"LD_RUNPATH_SEARCH_PATHS[sdk=macosx*]" = "@executable_path/../Frameworks";
				MACOSX_DEPLOYMENT_TARGET = 14.7;
				MARKETING_VERSION = 1.0;
				PRODUCT_BUNDLE_IDENTIFIER = "sa4kov.dmitry-icloud.com.SwiftUI-Navigation-Coordinator";
				PRODUCT_NAME = "$(TARGET_NAME)";
				SDKROOT = auto;
				SUPPORTED_PLATFORMS = "iphoneos iphonesimulator xros xrsimulator";
				SUPPORTS_MACCATALYST = NO;
				SWIFT_EMIT_LOC_STRINGS = YES;
				SWIFT_VERSION = 5.0;
				TARGETED_DEVICE_FAMILY = "1,7";
				XROS_DEPLOYMENT_TARGET = 2.1;
			};
			name = Debug;
		};
		1269A8652CEB4EF300E58383 /* Release */ = {
			isa = XCBuildConfiguration;
			buildSettings = {
				ASSETCATALOG_COMPILER_APPICON_NAME = AppIcon;
				ASSETCATALOG_COMPILER_GLOBAL_ACCENT_COLOR_NAME = AccentColor;
				CODE_SIGN_ENTITLEMENTS = "SwiftUI Navigation Coordinator/SwiftUI_Navigation_Coordinator.entitlements";
				CODE_SIGN_STYLE = Automatic;
				CURRENT_PROJECT_VERSION = 1;
				DEVELOPMENT_ASSET_PATHS = "\"SwiftUI Navigation Coordinator/Preview Content\"";
				DEVELOPMENT_TEAM = 5YZEB9WTWN;
				ENABLE_HARDENED_RUNTIME = YES;
				ENABLE_PREVIEWS = YES;
				GENERATE_INFOPLIST_FILE = YES;
				"INFOPLIST_KEY_UIApplicationSceneManifest_Generation[sdk=iphoneos*]" = YES;
				"INFOPLIST_KEY_UIApplicationSceneManifest_Generation[sdk=iphonesimulator*]" = YES;
				"INFOPLIST_KEY_UIApplicationSupportsIndirectInputEvents[sdk=iphoneos*]" = YES;
				"INFOPLIST_KEY_UIApplicationSupportsIndirectInputEvents[sdk=iphonesimulator*]" = YES;
				"INFOPLIST_KEY_UILaunchScreen_Generation[sdk=iphoneos*]" = YES;
				"INFOPLIST_KEY_UILaunchScreen_Generation[sdk=iphonesimulator*]" = YES;
				"INFOPLIST_KEY_UIStatusBarStyle[sdk=iphoneos*]" = UIStatusBarStyleDefault;
				"INFOPLIST_KEY_UIStatusBarStyle[sdk=iphonesimulator*]" = UIStatusBarStyleDefault;
				INFOPLIST_KEY_UISupportedInterfaceOrientations_iPad = "UIInterfaceOrientationPortrait UIInterfaceOrientationPortraitUpsideDown UIInterfaceOrientationLandscapeLeft UIInterfaceOrientationLandscapeRight";
				INFOPLIST_KEY_UISupportedInterfaceOrientations_iPhone = "UIInterfaceOrientationPortrait UIInterfaceOrientationLandscapeLeft UIInterfaceOrientationLandscapeRight";
				IPHONEOS_DEPLOYMENT_TARGET = 17.6;
				LD_RUNPATH_SEARCH_PATHS = "@executable_path/Frameworks";
				"LD_RUNPATH_SEARCH_PATHS[sdk=macosx*]" = "@executable_path/../Frameworks";
				MACOSX_DEPLOYMENT_TARGET = 14.7;
				MARKETING_VERSION = 1.0;
				PRODUCT_BUNDLE_IDENTIFIER = "sa4kov.dmitry-icloud.com.SwiftUI-Navigation-Coordinator";
				PRODUCT_NAME = "$(TARGET_NAME)";
				SDKROOT = auto;
				SUPPORTED_PLATFORMS = "iphoneos iphonesimulator xros xrsimulator";
				SUPPORTS_MACCATALYST = NO;
				SWIFT_EMIT_LOC_STRINGS = YES;
				SWIFT_VERSION = 5.0;
				TARGETED_DEVICE_FAMILY = "1,7";
				XROS_DEPLOYMENT_TARGET = 2.1;
			};
			name = Release;
		};
		1269A8672CEB4EF300E58383 /* Debug */ = {
			isa = XCBuildConfiguration;
			buildSettings = {
				BUNDLE_LOADER = "$(TEST_HOST)";
				CODE_SIGN_STYLE = Automatic;
				CURRENT_PROJECT_VERSION = 1;
				DEVELOPMENT_TEAM = 5YZEB9WTWN;
				GENERATE_INFOPLIST_FILE = YES;
				IPHONEOS_DEPLOYMENT_TARGET = 18.1;
				MACOSX_DEPLOYMENT_TARGET = 14.7;
				MARKETING_VERSION = 1.0;
				PRODUCT_BUNDLE_IDENTIFIER = "sa4kov.dmitry-icloud.com.SwiftUI-Navigation-CoordinatorTests";
				PRODUCT_NAME = "$(TARGET_NAME)";
				SDKROOT = auto;
				SUPPORTED_PLATFORMS = "iphoneos iphonesimulator macosx xros xrsimulator";
				SWIFT_EMIT_LOC_STRINGS = NO;
				SWIFT_VERSION = 5.0;
				TARGETED_DEVICE_FAMILY = "1,2,7";
				TEST_HOST = "$(BUILT_PRODUCTS_DIR)/SwiftUI Navigation Coordinator.app/$(BUNDLE_EXECUTABLE_FOLDER_PATH)/SwiftUI Navigation Coordinator";
				XROS_DEPLOYMENT_TARGET = 2.1;
			};
			name = Debug;
		};
		1269A8682CEB4EF300E58383 /* Release */ = {
			isa = XCBuildConfiguration;
			buildSettings = {
				BUNDLE_LOADER = "$(TEST_HOST)";
				CODE_SIGN_STYLE = Automatic;
				CURRENT_PROJECT_VERSION = 1;
				DEVELOPMENT_TEAM = 5YZEB9WTWN;
				GENERATE_INFOPLIST_FILE = YES;
				IPHONEOS_DEPLOYMENT_TARGET = 18.1;
				MACOSX_DEPLOYMENT_TARGET = 14.7;
				MARKETING_VERSION = 1.0;
				PRODUCT_BUNDLE_IDENTIFIER = "sa4kov.dmitry-icloud.com.SwiftUI-Navigation-CoordinatorTests";
				PRODUCT_NAME = "$(TARGET_NAME)";
				SDKROOT = auto;
				SUPPORTED_PLATFORMS = "iphoneos iphonesimulator macosx xros xrsimulator";
				SWIFT_EMIT_LOC_STRINGS = NO;
				SWIFT_VERSION = 5.0;
				TARGETED_DEVICE_FAMILY = "1,2,7";
				TEST_HOST = "$(BUILT_PRODUCTS_DIR)/SwiftUI Navigation Coordinator.app/$(BUNDLE_EXECUTABLE_FOLDER_PATH)/SwiftUI Navigation Coordinator";
				XROS_DEPLOYMENT_TARGET = 2.1;
			};
			name = Release;
		};
		1269A86A2CEB4EF300E58383 /* Debug */ = {
			isa = XCBuildConfiguration;
			buildSettings = {
				CODE_SIGN_STYLE = Automatic;
				CURRENT_PROJECT_VERSION = 1;
				DEVELOPMENT_TEAM = 5YZEB9WTWN;
				GENERATE_INFOPLIST_FILE = YES;
				IPHONEOS_DEPLOYMENT_TARGET = 18.1;
				MACOSX_DEPLOYMENT_TARGET = 14.7;
				MARKETING_VERSION = 1.0;
				PRODUCT_BUNDLE_IDENTIFIER = "sa4kov.dmitry-icloud.com.SwiftUI-Navigation-CoordinatorUITests";
				PRODUCT_NAME = "$(TARGET_NAME)";
				SDKROOT = auto;
				SUPPORTED_PLATFORMS = "iphoneos iphonesimulator macosx xros xrsimulator";
				SWIFT_EMIT_LOC_STRINGS = NO;
				SWIFT_VERSION = 5.0;
				TARGETED_DEVICE_FAMILY = "1,2,7";
				TEST_TARGET_NAME = "SwiftUI Navigation Coordinator";
				XROS_DEPLOYMENT_TARGET = 2.1;
			};
			name = Debug;
		};
		1269A86B2CEB4EF300E58383 /* Release */ = {
			isa = XCBuildConfiguration;
			buildSettings = {
				CODE_SIGN_STYLE = Automatic;
				CURRENT_PROJECT_VERSION = 1;
				DEVELOPMENT_TEAM = 5YZEB9WTWN;
				GENERATE_INFOPLIST_FILE = YES;
				IPHONEOS_DEPLOYMENT_TARGET = 18.1;
				MACOSX_DEPLOYMENT_TARGET = 14.7;
				MARKETING_VERSION = 1.0;
				PRODUCT_BUNDLE_IDENTIFIER = "sa4kov.dmitry-icloud.com.SwiftUI-Navigation-CoordinatorUITests";
				PRODUCT_NAME = "$(TARGET_NAME)";
				SDKROOT = auto;
				SUPPORTED_PLATFORMS = "iphoneos iphonesimulator macosx xros xrsimulator";
				SWIFT_EMIT_LOC_STRINGS = NO;
				SWIFT_VERSION = 5.0;
				TARGETED_DEVICE_FAMILY = "1,2,7";
				TEST_TARGET_NAME = "SwiftUI Navigation Coordinator";
				XROS_DEPLOYMENT_TARGET = 2.1;
			};
			name = Release;
		};
/* End XCBuildConfiguration section */

/* Begin XCConfigurationList section */
		1269A8392CEB4EF200E58383 /* Build configuration list for PBXProject "SwiftUI Navigation Coordinator" */ = {
			isa = XCConfigurationList;
			buildConfigurations = (
				1269A8612CEB4EF300E58383 /* Debug */,
				1269A8622CEB4EF300E58383 /* Release */,
			);
			defaultConfigurationIsVisible = 0;
			defaultConfigurationName = Release;
		};
		1269A8632CEB4EF300E58383 /* Build configuration list for PBXNativeTarget "SwiftUI Navigation Coordinator" */ = {
			isa = XCConfigurationList;
			buildConfigurations = (
				1269A8642CEB4EF300E58383 /* Debug */,
				1269A8652CEB4EF300E58383 /* Release */,
			);
			defaultConfigurationIsVisible = 0;
			defaultConfigurationName = Release;
		};
		1269A8662CEB4EF300E58383 /* Build configuration list for PBXNativeTarget "SwiftUI Navigation CoordinatorTests" */ = {
			isa = XCConfigurationList;
			buildConfigurations = (
				1269A8672CEB4EF300E58383 /* Debug */,
				1269A8682CEB4EF300E58383 /* Release */,
			);
			defaultConfigurationIsVisible = 0;
			defaultConfigurationName = Release;
		};
		1269A8692CEB4EF300E58383 /* Build configuration list for PBXNativeTarget "SwiftUI Navigation CoordinatorUITests" */ = {
			isa = XCConfigurationList;
			buildConfigurations = (
				1269A86A2CEB4EF300E58383 /* Debug */,
				1269A86B2CEB4EF300E58383 /* Release */,
			);
			defaultConfigurationIsVisible = 0;
			defaultConfigurationName = Release;
		};
/* End XCConfigurationList section */
	};
	rootObject = 1269A8362CEB4EF200E58383 /* Project object */;
}
